
Microsoft Visual Studio Solution File, Format Version 12.00
# Visual Studio Version 17
VisualStudioVersion = 17.6.33829.357
MinimumVisualStudioVersion = 10.0.40219.1
Project("{FAE04EC0-301F-11D3-BF4B-00C04F79EFBC}") = "opencops-tm-bo", "opencops-tm-bo\opencops-tm-bo.csproj", "{77DA1DE9-33BD-4E38-92F5-E85A071F4398}"
EndProject
Global
	GlobalSection(SolutionConfigurationPlatforms) = preSolution
		Debug|Any CPU = Debug|Any CPU
		Release|Any CPU = Release|Any CPU
	EndGlobalSection
	GlobalSection(ProjectConfigurationPlatforms) = postSolution
		{77DA1DE9-33BD-4E38-92F5-E85A071F4398}.Debug|Any CPU.ActiveCfg = Debug|Any CPU
		{77DA1DE9-33BD-4E38-92F5-E85A071F4398}.Debug|Any CPU.Build.0 = Debug|Any CPU
		{77DA1DE9-33BD-4E38-92F5-E85A071F4398}.Release|Any CPU.ActiveCfg = Release|Any CPU
		{77DA1DE9-33BD-4E38-92F5-E85A071F4398}.Release|Any CPU.Build.0 = Release|Any CPU
	EndGlobalSection
	GlobalSection(SolutionProperties) = preSolution
		HideSolutionNode = FALSE
	EndGlobalSection
	GlobalSection(ExtensibilityGlobals) = postSolution
		SolutionGuid = {A6ACFB97-AE31-4867-9914-5EB162CBF62F}
	EndGlobalSection
EndGlobal
